
Microsoft Visual Studio Solution File, Format Version 12.00
# Visual Studio 15
VisualStudioVersion = 15.0.26430.14
MinimumVisualStudioVersion = 10.0.40219.1
Project("{262852C6-CD72-467D-83FE-5EEB1973A190}") = "CidadaoAlerta", "CidadaoAlerta\CidadaoAlerta.jsproj", "{AA159D64-3394-443F-B3E6-70F4D5697A61}"
EndProject
Global
	GlobalSection(SolutionConfigurationPlatforms) = preSolution
		Debug|Android = Debug|Android
		Debug|iOS = Debug|iOS
		Debug|Windows-ARM = Debug|Windows-ARM
		Debug|Windows-x64 = Debug|Windows-x64
		Debug|Windows-x86 = Debug|Windows-x86
		Release|Android = Release|Android
		Release|iOS = Release|iOS
		Release|Windows-ARM = Release|Windows-ARM
		Release|Windows-x64 = Release|Windows-x64
		Release|Windows-x86 = Release|Windows-x86
	EndGlobalSection
	GlobalSection(ProjectConfigurationPlatforms) = postSolution
		{AA159D64-3394-443F-B3E6-70F4D5697A61}.Debug|Android.ActiveCfg = Debug|Android
		{AA159D64-3394-443F-B3E6-70F4D5697A61}.Debug|Android.Build.0 = Debug|Android
		{AA159D64-3394-443F-B3E6-70F4D5697A61}.Debug|Android.Deploy.0 = Debug|Android
		{AA159D64-3394-443F-B3E6-70F4D5697A61}.Debug|iOS.ActiveCfg = Debug|iOS
		{AA159D64-3394-443F-B3E6-70F4D5697A61}.Debug|iOS.Build.0 = Debug|iOS
		{AA159D64-3394-443F-B3E6-70F4D5697A61}.Debug|iOS.Deploy.0 = Debug|iOS
		{AA159D64-3394-443F-B3E6-70F4D5697A61}.Debug|Windows-ARM.ActiveCfg = Debug|Windows-ARM
		{AA159D64-3394-443F-B3E6-70F4D5697A61}.Debug|Windows-ARM.Build.0 = Debug|Windows-ARM
		{AA159D64-3394-443F-B3E6-70F4D5697A61}.Debug|Windows-ARM.Deploy.0 = Debug|Windows-ARM
		{AA159D64-3394-443F-B3E6-70F4D5697A61}.Debug|Windows-x64.ActiveCfg = Debug|Windows-x64
		{AA159D64-3394-443F-B3E6-70F4D5697A61}.Debug|Windows-x64.Build.0 = Debug|Windows-x64
		{AA159D64-3394-443F-B3E6-70F4D5697A61}.Debug|Windows-x64.Deploy.0 = Debug|Windows-x64
		{AA159D64-3394-443F-B3E6-70F4D5697A61}.Debug|Windows-x86.ActiveCfg = Debug|Windows-x86
		{AA159D64-3394-443F-B3E6-70F4D5697A61}.Debug|Windows-x86.Build.0 = Debug|Windows-x86
		{AA159D64-3394-443F-B3E6-70F4D5697A61}.Debug|Windows-x86.Deploy.0 = Debug|Windows-x86
		{AA159D64-3394-443F-B3E6-70F4D5697A61}.Release|Android.ActiveCfg = Release|Android
		{AA159D64-3394-443F-B3E6-70F4D5697A61}.Release|Android.Build.0 = Release|Android
		{AA159D64-3394-443F-B3E6-70F4D5697A61}.Release|Android.Deploy.0 = Release|Android
		{AA159D64-3394-443F-B3E6-70F4D5697A61}.Release|iOS.ActiveCfg = Release|iOS
		{AA159D64-3394-443F-B3E6-70F4D5697A61}.Release|iOS.Build.0 = Release|iOS
		{AA159D64-3394-443F-B3E6-70F4D5697A61}.Release|iOS.Deploy.0 = Release|iOS
		{AA159D64-3394-443F-B3E6-70F4D5697A61}.Release|Windows-ARM.ActiveCfg = Release|Windows-ARM
		{AA159D64-3394-443F-B3E6-70F4D5697A61}.Release|Windows-ARM.Build.0 = Release|Windows-ARM
		{AA159D64-3394-443F-B3E6-70F4D5697A61}.Release|Windows-ARM.Deploy.0 = Release|Windows-ARM
		{AA159D64-3394-443F-B3E6-70F4D5697A61}.Release|Windows-x64.ActiveCfg = Release|Windows-x64
		{AA159D64-3394-443F-B3E6-70F4D5697A61}.Release|Windows-x64.Build.0 = Release|Windows-x64
		{AA159D64-3394-443F-B3E6-70F4D5697A61}.Release|Windows-x64.Deploy.0 = Release|Windows-x64
		{AA159D64-3394-443F-B3E6-70F4D5697A61}.Release|Windows-x86.ActiveCfg = Release|Windows-x86
		{AA159D64-3394-443F-B3E6-70F4D5697A61}.Release|Windows-x86.Build.0 = Release|Windows-x86
		{AA159D64-3394-443F-B3E6-70F4D5697A61}.Release|Windows-x86.Deploy.0 = Release|Windows-x86
	EndGlobalSection
	GlobalSection(SolutionProperties) = preSolution
		HideSolutionNode = FALSE
	EndGlobalSection
EndGlobal
