
Microsoft Visual Studio Solution File, Format Version 12.00
# Visual Studio 15
VisualStudioVersion = 15.0.26430.14
MinimumVisualStudioVersion = 10.0.40219.1
Project("{262852C6-CD72-467D-83FE-5EEB1973A190}") = "CidadaoAlerta", "CidadaoAlerta\CidadaoAlerta.jsproj", "{AA159D64-3394-443F-B3E6-70F4D5697A61}"
EndProject
Project("{FAE04EC0-301F-11D3-BF4B-00C04F79EFBC}") = "CidadaoAlertaWS", "CidadaoAlertaWS\CidadaoAlertaWS.csproj", "{E75CC500-6115-4F76-8582-2CC420D5636F}"
EndProject
Project("{FAE04EC0-301F-11D3-BF4B-00C04F79EFBC}") = "CidadaoAlerta.Domain", "CidadaoAlerta.Domain\CidadaoAlerta.Domain.csproj", "{1C7EF38C-5236-4D0F-BF58-82289A6F9F0D}"
EndProject
Project("{FAE04EC0-301F-11D3-BF4B-00C04F79EFBC}") = "CidadaoAlerta.Data.ADO", "CidadaoAlerta.Data.ADO\CidadaoAlerta.Data.ADO.csproj", "{9E789C55-52D1-44D3-B7E3-1E6C351C2544}"
EndProject
Project("{FAE04EC0-301F-11D3-BF4B-00C04F79EFBC}") = "CidadaoAlerta.Infra", "CidadaoAlerta.Infra\CidadaoAlerta.Infra.csproj", "{04F614DD-9860-4CA0-9835-51FB9BD260FF}"
EndProject
Project("{FAE04EC0-301F-11D3-BF4B-00C04F79EFBC}") = "CidadaoAlerta.Application", "CidadaoAlerta.Application\CidadaoAlerta.Application.csproj", "{67159288-BAE9-4882-84FB-AF6673387C14}"
EndProject
Global
	GlobalSection(SolutionConfigurationPlatforms) = preSolution
		Debug|Android = Debug|Android
		Debug|Any CPU = Debug|Any CPU
		Debug|ARM = Debug|ARM
		Debug|iOS = Debug|iOS
		Debug|Windows-ARM = Debug|Windows-ARM
		Debug|Windows-x64 = Debug|Windows-x64
		Debug|Windows-x86 = Debug|Windows-x86
		Debug|x64 = Debug|x64
		Debug|x86 = Debug|x86
		Release|Android = Release|Android
		Release|Any CPU = Release|Any CPU
		Release|ARM = Release|ARM
		Release|iOS = Release|iOS
		Release|Windows-ARM = Release|Windows-ARM
		Release|Windows-x64 = Release|Windows-x64
		Release|Windows-x86 = Release|Windows-x86
		Release|x64 = Release|x64
		Release|x86 = Release|x86
	EndGlobalSection
	GlobalSection(ProjectConfigurationPlatforms) = postSolution
		{AA159D64-3394-443F-B3E6-70F4D5697A61}.Debug|Android.ActiveCfg = Debug|Android
		{AA159D64-3394-443F-B3E6-70F4D5697A61}.Debug|Android.Build.0 = Debug|Android
		{AA159D64-3394-443F-B3E6-70F4D5697A61}.Debug|Android.Deploy.0 = Debug|Android
		{AA159D64-3394-443F-B3E6-70F4D5697A61}.Debug|Any CPU.ActiveCfg = Debug|Android
		{AA159D64-3394-443F-B3E6-70F4D5697A61}.Debug|ARM.ActiveCfg = Debug|Windows-ARM
		{AA159D64-3394-443F-B3E6-70F4D5697A61}.Debug|iOS.ActiveCfg = Debug|iOS
		{AA159D64-3394-443F-B3E6-70F4D5697A61}.Debug|iOS.Build.0 = Debug|iOS
		{AA159D64-3394-443F-B3E6-70F4D5697A61}.Debug|iOS.Deploy.0 = Debug|iOS
		{AA159D64-3394-443F-B3E6-70F4D5697A61}.Debug|Windows-ARM.ActiveCfg = Debug|Windows-ARM
		{AA159D64-3394-443F-B3E6-70F4D5697A61}.Debug|Windows-ARM.Build.0 = Debug|Windows-ARM
		{AA159D64-3394-443F-B3E6-70F4D5697A61}.Debug|Windows-ARM.Deploy.0 = Debug|Windows-ARM
		{AA159D64-3394-443F-B3E6-70F4D5697A61}.Debug|Windows-x64.ActiveCfg = Debug|Windows-x64
		{AA159D64-3394-443F-B3E6-70F4D5697A61}.Debug|Windows-x64.Build.0 = Debug|Windows-x64
		{AA159D64-3394-443F-B3E6-70F4D5697A61}.Debug|Windows-x64.Deploy.0 = Debug|Windows-x64
		{AA159D64-3394-443F-B3E6-70F4D5697A61}.Debug|Windows-x86.ActiveCfg = Debug|Windows-x86
		{AA159D64-3394-443F-B3E6-70F4D5697A61}.Debug|Windows-x86.Build.0 = Debug|Windows-x86
		{AA159D64-3394-443F-B3E6-70F4D5697A61}.Debug|Windows-x86.Deploy.0 = Debug|Windows-x86
		{AA159D64-3394-443F-B3E6-70F4D5697A61}.Debug|x64.ActiveCfg = Debug|Windows-x64
		{AA159D64-3394-443F-B3E6-70F4D5697A61}.Debug|x86.ActiveCfg = Debug|Windows-x86
		{AA159D64-3394-443F-B3E6-70F4D5697A61}.Release|Android.ActiveCfg = Release|Android
		{AA159D64-3394-443F-B3E6-70F4D5697A61}.Release|Android.Build.0 = Release|Android
		{AA159D64-3394-443F-B3E6-70F4D5697A61}.Release|Android.Deploy.0 = Release|Android
		{AA159D64-3394-443F-B3E6-70F4D5697A61}.Release|Any CPU.ActiveCfg = Release|Android
		{AA159D64-3394-443F-B3E6-70F4D5697A61}.Release|ARM.ActiveCfg = Release|Windows-ARM
		{AA159D64-3394-443F-B3E6-70F4D5697A61}.Release|iOS.ActiveCfg = Release|iOS
		{AA159D64-3394-443F-B3E6-70F4D5697A61}.Release|iOS.Build.0 = Release|iOS
		{AA159D64-3394-443F-B3E6-70F4D5697A61}.Release|iOS.Deploy.0 = Release|iOS
		{AA159D64-3394-443F-B3E6-70F4D5697A61}.Release|Windows-ARM.ActiveCfg = Release|Windows-ARM
		{AA159D64-3394-443F-B3E6-70F4D5697A61}.Release|Windows-ARM.Build.0 = Release|Windows-ARM
		{AA159D64-3394-443F-B3E6-70F4D5697A61}.Release|Windows-ARM.Deploy.0 = Release|Windows-ARM
		{AA159D64-3394-443F-B3E6-70F4D5697A61}.Release|Windows-x64.ActiveCfg = Release|Windows-x64
		{AA159D64-3394-443F-B3E6-70F4D5697A61}.Release|Windows-x64.Build.0 = Release|Windows-x64
		{AA159D64-3394-443F-B3E6-70F4D5697A61}.Release|Windows-x64.Deploy.0 = Release|Windows-x64
		{AA159D64-3394-443F-B3E6-70F4D5697A61}.Release|Windows-x86.ActiveCfg = Release|Windows-x86
		{AA159D64-3394-443F-B3E6-70F4D5697A61}.Release|Windows-x86.Build.0 = Release|Windows-x86
		{AA159D64-3394-443F-B3E6-70F4D5697A61}.Release|Windows-x86.Deploy.0 = Release|Windows-x86
		{AA159D64-3394-443F-B3E6-70F4D5697A61}.Release|x64.ActiveCfg = Release|Windows-x64
		{AA159D64-3394-443F-B3E6-70F4D5697A61}.Release|x86.ActiveCfg = Release|Windows-x86
		{E75CC500-6115-4F76-8582-2CC420D5636F}.Debug|Android.ActiveCfg = Debug|Any CPU
		{E75CC500-6115-4F76-8582-2CC420D5636F}.Debug|Android.Build.0 = Debug|Any CPU
		{E75CC500-6115-4F76-8582-2CC420D5636F}.Debug|Any CPU.ActiveCfg = Debug|Any CPU
		{E75CC500-6115-4F76-8582-2CC420D5636F}.Debug|Any CPU.Build.0 = Debug|Any CPU
		{E75CC500-6115-4F76-8582-2CC420D5636F}.Debug|ARM.ActiveCfg = Debug|Any CPU
		{E75CC500-6115-4F76-8582-2CC420D5636F}.Debug|ARM.Build.0 = Debug|Any CPU
		{E75CC500-6115-4F76-8582-2CC420D5636F}.Debug|iOS.ActiveCfg = Debug|Any CPU
		{E75CC500-6115-4F76-8582-2CC420D5636F}.Debug|iOS.Build.0 = Debug|Any CPU
		{E75CC500-6115-4F76-8582-2CC420D5636F}.Debug|Windows-ARM.ActiveCfg = Debug|Any CPU
		{E75CC500-6115-4F76-8582-2CC420D5636F}.Debug|Windows-ARM.Build.0 = Debug|Any CPU
		{E75CC500-6115-4F76-8582-2CC420D5636F}.Debug|Windows-x64.ActiveCfg = Debug|Any CPU
		{E75CC500-6115-4F76-8582-2CC420D5636F}.Debug|Windows-x64.Build.0 = Debug|Any CPU
		{E75CC500-6115-4F76-8582-2CC420D5636F}.Debug|Windows-x86.ActiveCfg = Debug|Any CPU
		{E75CC500-6115-4F76-8582-2CC420D5636F}.Debug|Windows-x86.Build.0 = Debug|Any CPU
		{E75CC500-6115-4F76-8582-2CC420D5636F}.Debug|x64.ActiveCfg = Debug|Any CPU
		{E75CC500-6115-4F76-8582-2CC420D5636F}.Debug|x64.Build.0 = Debug|Any CPU
		{E75CC500-6115-4F76-8582-2CC420D5636F}.Debug|x86.ActiveCfg = Debug|Any CPU
		{E75CC500-6115-4F76-8582-2CC420D5636F}.Debug|x86.Build.0 = Debug|Any CPU
		{E75CC500-6115-4F76-8582-2CC420D5636F}.Release|Android.ActiveCfg = Release|Any CPU
		{E75CC500-6115-4F76-8582-2CC420D5636F}.Release|Android.Build.0 = Release|Any CPU
		{E75CC500-6115-4F76-8582-2CC420D5636F}.Release|Any CPU.ActiveCfg = Release|Any CPU
		{E75CC500-6115-4F76-8582-2CC420D5636F}.Release|Any CPU.Build.0 = Release|Any CPU
		{E75CC500-6115-4F76-8582-2CC420D5636F}.Release|ARM.ActiveCfg = Release|Any CPU
		{E75CC500-6115-4F76-8582-2CC420D5636F}.Release|ARM.Build.0 = Release|Any CPU
		{E75CC500-6115-4F76-8582-2CC420D5636F}.Release|iOS.ActiveCfg = Release|Any CPU
		{E75CC500-6115-4F76-8582-2CC420D5636F}.Release|iOS.Build.0 = Release|Any CPU
		{E75CC500-6115-4F76-8582-2CC420D5636F}.Release|Windows-ARM.ActiveCfg = Release|Any CPU
		{E75CC500-6115-4F76-8582-2CC420D5636F}.Release|Windows-ARM.Build.0 = Release|Any CPU
		{E75CC500-6115-4F76-8582-2CC420D5636F}.Release|Windows-x64.ActiveCfg = Release|Any CPU
		{E75CC500-6115-4F76-8582-2CC420D5636F}.Release|Windows-x64.Build.0 = Release|Any CPU
		{E75CC500-6115-4F76-8582-2CC420D5636F}.Release|Windows-x86.ActiveCfg = Release|Any CPU
		{E75CC500-6115-4F76-8582-2CC420D5636F}.Release|Windows-x86.Build.0 = Release|Any CPU
		{E75CC500-6115-4F76-8582-2CC420D5636F}.Release|x64.ActiveCfg = Release|Any CPU
		{E75CC500-6115-4F76-8582-2CC420D5636F}.Release|x64.Build.0 = Release|Any CPU
		{E75CC500-6115-4F76-8582-2CC420D5636F}.Release|x86.ActiveCfg = Release|Any CPU
		{E75CC500-6115-4F76-8582-2CC420D5636F}.Release|x86.Build.0 = Release|Any CPU
		{1C7EF38C-5236-4D0F-BF58-82289A6F9F0D}.Debug|Android.ActiveCfg = Debug|Any CPU
		{1C7EF38C-5236-4D0F-BF58-82289A6F9F0D}.Debug|Android.Build.0 = Debug|Any CPU
		{1C7EF38C-5236-4D0F-BF58-82289A6F9F0D}.Debug|Any CPU.ActiveCfg = Debug|Any CPU
		{1C7EF38C-5236-4D0F-BF58-82289A6F9F0D}.Debug|Any CPU.Build.0 = Debug|Any CPU
		{1C7EF38C-5236-4D0F-BF58-82289A6F9F0D}.Debug|ARM.ActiveCfg = Debug|Any CPU
		{1C7EF38C-5236-4D0F-BF58-82289A6F9F0D}.Debug|ARM.Build.0 = Debug|Any CPU
		{1C7EF38C-5236-4D0F-BF58-82289A6F9F0D}.Debug|iOS.ActiveCfg = Debug|Any CPU
		{1C7EF38C-5236-4D0F-BF58-82289A6F9F0D}.Debug|iOS.Build.0 = Debug|Any CPU
		{1C7EF38C-5236-4D0F-BF58-82289A6F9F0D}.Debug|Windows-ARM.ActiveCfg = Debug|Any CPU
		{1C7EF38C-5236-4D0F-BF58-82289A6F9F0D}.Debug|Windows-ARM.Build.0 = Debug|Any CPU
		{1C7EF38C-5236-4D0F-BF58-82289A6F9F0D}.Debug|Windows-x64.ActiveCfg = Debug|Any CPU
		{1C7EF38C-5236-4D0F-BF58-82289A6F9F0D}.Debug|Windows-x64.Build.0 = Debug|Any CPU
		{1C7EF38C-5236-4D0F-BF58-82289A6F9F0D}.Debug|Windows-x86.ActiveCfg = Debug|Any CPU
		{1C7EF38C-5236-4D0F-BF58-82289A6F9F0D}.Debug|Windows-x86.Build.0 = Debug|Any CPU
		{1C7EF38C-5236-4D0F-BF58-82289A6F9F0D}.Debug|x64.ActiveCfg = Debug|Any CPU
		{1C7EF38C-5236-4D0F-BF58-82289A6F9F0D}.Debug|x64.Build.0 = Debug|Any CPU
		{1C7EF38C-5236-4D0F-BF58-82289A6F9F0D}.Debug|x86.ActiveCfg = Debug|Any CPU
		{1C7EF38C-5236-4D0F-BF58-82289A6F9F0D}.Debug|x86.Build.0 = Debug|Any CPU
		{1C7EF38C-5236-4D0F-BF58-82289A6F9F0D}.Release|Android.ActiveCfg = Release|Any CPU
		{1C7EF38C-5236-4D0F-BF58-82289A6F9F0D}.Release|Android.Build.0 = Release|Any CPU
		{1C7EF38C-5236-4D0F-BF58-82289A6F9F0D}.Release|Any CPU.ActiveCfg = Release|Any CPU
		{1C7EF38C-5236-4D0F-BF58-82289A6F9F0D}.Release|Any CPU.Build.0 = Release|Any CPU
		{1C7EF38C-5236-4D0F-BF58-82289A6F9F0D}.Release|ARM.ActiveCfg = Release|Any CPU
		{1C7EF38C-5236-4D0F-BF58-82289A6F9F0D}.Release|ARM.Build.0 = Release|Any CPU
		{1C7EF38C-5236-4D0F-BF58-82289A6F9F0D}.Release|iOS.ActiveCfg = Release|Any CPU
		{1C7EF38C-5236-4D0F-BF58-82289A6F9F0D}.Release|iOS.Build.0 = Release|Any CPU
		{1C7EF38C-5236-4D0F-BF58-82289A6F9F0D}.Release|Windows-ARM.ActiveCfg = Release|Any CPU
		{1C7EF38C-5236-4D0F-BF58-82289A6F9F0D}.Release|Windows-ARM.Build.0 = Release|Any CPU
		{1C7EF38C-5236-4D0F-BF58-82289A6F9F0D}.Release|Windows-x64.ActiveCfg = Release|Any CPU
		{1C7EF38C-5236-4D0F-BF58-82289A6F9F0D}.Release|Windows-x64.Build.0 = Release|Any CPU
		{1C7EF38C-5236-4D0F-BF58-82289A6F9F0D}.Release|Windows-x86.ActiveCfg = Release|Any CPU
		{1C7EF38C-5236-4D0F-BF58-82289A6F9F0D}.Release|Windows-x86.Build.0 = Release|Any CPU
		{1C7EF38C-5236-4D0F-BF58-82289A6F9F0D}.Release|x64.ActiveCfg = Release|Any CPU
		{1C7EF38C-5236-4D0F-BF58-82289A6F9F0D}.Release|x64.Build.0 = Release|Any CPU
		{1C7EF38C-5236-4D0F-BF58-82289A6F9F0D}.Release|x86.ActiveCfg = Release|Any CPU
		{1C7EF38C-5236-4D0F-BF58-82289A6F9F0D}.Release|x86.Build.0 = Release|Any CPU
		{9E789C55-52D1-44D3-B7E3-1E6C351C2544}.Debug|Android.ActiveCfg = Debug|Any CPU
		{9E789C55-52D1-44D3-B7E3-1E6C351C2544}.Debug|Android.Build.0 = Debug|Any CPU
		{9E789C55-52D1-44D3-B7E3-1E6C351C2544}.Debug|Any CPU.ActiveCfg = Debug|Any CPU
		{9E789C55-52D1-44D3-B7E3-1E6C351C2544}.Debug|Any CPU.Build.0 = Debug|Any CPU
		{9E789C55-52D1-44D3-B7E3-1E6C351C2544}.Debug|ARM.ActiveCfg = Debug|Any CPU
		{9E789C55-52D1-44D3-B7E3-1E6C351C2544}.Debug|ARM.Build.0 = Debug|Any CPU
		{9E789C55-52D1-44D3-B7E3-1E6C351C2544}.Debug|iOS.ActiveCfg = Debug|Any CPU
		{9E789C55-52D1-44D3-B7E3-1E6C351C2544}.Debug|iOS.Build.0 = Debug|Any CPU
		{9E789C55-52D1-44D3-B7E3-1E6C351C2544}.Debug|Windows-ARM.ActiveCfg = Debug|Any CPU
		{9E789C55-52D1-44D3-B7E3-1E6C351C2544}.Debug|Windows-ARM.Build.0 = Debug|Any CPU
		{9E789C55-52D1-44D3-B7E3-1E6C351C2544}.Debug|Windows-x64.ActiveCfg = Debug|Any CPU
		{9E789C55-52D1-44D3-B7E3-1E6C351C2544}.Debug|Windows-x64.Build.0 = Debug|Any CPU
		{9E789C55-52D1-44D3-B7E3-1E6C351C2544}.Debug|Windows-x86.ActiveCfg = Debug|Any CPU
		{9E789C55-52D1-44D3-B7E3-1E6C351C2544}.Debug|Windows-x86.Build.0 = Debug|Any CPU
		{9E789C55-52D1-44D3-B7E3-1E6C351C2544}.Debug|x64.ActiveCfg = Debug|Any CPU
		{9E789C55-52D1-44D3-B7E3-1E6C351C2544}.Debug|x64.Build.0 = Debug|Any CPU
		{9E789C55-52D1-44D3-B7E3-1E6C351C2544}.Debug|x86.ActiveCfg = Debug|Any CPU
		{9E789C55-52D1-44D3-B7E3-1E6C351C2544}.Debug|x86.Build.0 = Debug|Any CPU
		{9E789C55-52D1-44D3-B7E3-1E6C351C2544}.Release|Android.ActiveCfg = Release|Any CPU
		{9E789C55-52D1-44D3-B7E3-1E6C351C2544}.Release|Android.Build.0 = Release|Any CPU
		{9E789C55-52D1-44D3-B7E3-1E6C351C2544}.Release|Any CPU.ActiveCfg = Release|Any CPU
		{9E789C55-52D1-44D3-B7E3-1E6C351C2544}.Release|Any CPU.Build.0 = Release|Any CPU
		{9E789C55-52D1-44D3-B7E3-1E6C351C2544}.Release|ARM.ActiveCfg = Release|Any CPU
		{9E789C55-52D1-44D3-B7E3-1E6C351C2544}.Release|ARM.Build.0 = Release|Any CPU
		{9E789C55-52D1-44D3-B7E3-1E6C351C2544}.Release|iOS.ActiveCfg = Release|Any CPU
		{9E789C55-52D1-44D3-B7E3-1E6C351C2544}.Release|iOS.Build.0 = Release|Any CPU
		{9E789C55-52D1-44D3-B7E3-1E6C351C2544}.Release|Windows-ARM.ActiveCfg = Release|Any CPU
		{9E789C55-52D1-44D3-B7E3-1E6C351C2544}.Release|Windows-ARM.Build.0 = Release|Any CPU
		{9E789C55-52D1-44D3-B7E3-1E6C351C2544}.Release|Windows-x64.ActiveCfg = Release|Any CPU
		{9E789C55-52D1-44D3-B7E3-1E6C351C2544}.Release|Windows-x64.Build.0 = Release|Any CPU
		{9E789C55-52D1-44D3-B7E3-1E6C351C2544}.Release|Windows-x86.ActiveCfg = Release|Any CPU
		{9E789C55-52D1-44D3-B7E3-1E6C351C2544}.Release|Windows-x86.Build.0 = Release|Any CPU
		{9E789C55-52D1-44D3-B7E3-1E6C351C2544}.Release|x64.ActiveCfg = Release|Any CPU
		{9E789C55-52D1-44D3-B7E3-1E6C351C2544}.Release|x64.Build.0 = Release|Any CPU
		{9E789C55-52D1-44D3-B7E3-1E6C351C2544}.Release|x86.ActiveCfg = Release|Any CPU
		{9E789C55-52D1-44D3-B7E3-1E6C351C2544}.Release|x86.Build.0 = Release|Any CPU
		{04F614DD-9860-4CA0-9835-51FB9BD260FF}.Debug|Android.ActiveCfg = Debug|Any CPU
		{04F614DD-9860-4CA0-9835-51FB9BD260FF}.Debug|Android.Build.0 = Debug|Any CPU
		{04F614DD-9860-4CA0-9835-51FB9BD260FF}.Debug|Any CPU.ActiveCfg = Debug|Any CPU
		{04F614DD-9860-4CA0-9835-51FB9BD260FF}.Debug|Any CPU.Build.0 = Debug|Any CPU
		{04F614DD-9860-4CA0-9835-51FB9BD260FF}.Debug|ARM.ActiveCfg = Debug|Any CPU
		{04F614DD-9860-4CA0-9835-51FB9BD260FF}.Debug|ARM.Build.0 = Debug|Any CPU
		{04F614DD-9860-4CA0-9835-51FB9BD260FF}.Debug|iOS.ActiveCfg = Debug|Any CPU
		{04F614DD-9860-4CA0-9835-51FB9BD260FF}.Debug|iOS.Build.0 = Debug|Any CPU
		{04F614DD-9860-4CA0-9835-51FB9BD260FF}.Debug|Windows-ARM.ActiveCfg = Debug|Any CPU
		{04F614DD-9860-4CA0-9835-51FB9BD260FF}.Debug|Windows-ARM.Build.0 = Debug|Any CPU
		{04F614DD-9860-4CA0-9835-51FB9BD260FF}.Debug|Windows-x64.ActiveCfg = Debug|Any CPU
		{04F614DD-9860-4CA0-9835-51FB9BD260FF}.Debug|Windows-x64.Build.0 = Debug|Any CPU
		{04F614DD-9860-4CA0-9835-51FB9BD260FF}.Debug|Windows-x86.ActiveCfg = Debug|Any CPU
		{04F614DD-9860-4CA0-9835-51FB9BD260FF}.Debug|Windows-x86.Build.0 = Debug|Any CPU
		{04F614DD-9860-4CA0-9835-51FB9BD260FF}.Debug|x64.ActiveCfg = Debug|Any CPU
		{04F614DD-9860-4CA0-9835-51FB9BD260FF}.Debug|x64.Build.0 = Debug|Any CPU
		{04F614DD-9860-4CA0-9835-51FB9BD260FF}.Debug|x86.ActiveCfg = Debug|Any CPU
		{04F614DD-9860-4CA0-9835-51FB9BD260FF}.Debug|x86.Build.0 = Debug|Any CPU
		{04F614DD-9860-4CA0-9835-51FB9BD260FF}.Release|Android.ActiveCfg = Release|Any CPU
		{04F614DD-9860-4CA0-9835-51FB9BD260FF}.Release|Android.Build.0 = Release|Any CPU
		{04F614DD-9860-4CA0-9835-51FB9BD260FF}.Release|Any CPU.ActiveCfg = Release|Any CPU
		{04F614DD-9860-4CA0-9835-51FB9BD260FF}.Release|Any CPU.Build.0 = Release|Any CPU
		{04F614DD-9860-4CA0-9835-51FB9BD260FF}.Release|ARM.ActiveCfg = Release|Any CPU
		{04F614DD-9860-4CA0-9835-51FB9BD260FF}.Release|ARM.Build.0 = Release|Any CPU
		{04F614DD-9860-4CA0-9835-51FB9BD260FF}.Release|iOS.ActiveCfg = Release|Any CPU
		{04F614DD-9860-4CA0-9835-51FB9BD260FF}.Release|iOS.Build.0 = Release|Any CPU
		{04F614DD-9860-4CA0-9835-51FB9BD260FF}.Release|Windows-ARM.ActiveCfg = Release|Any CPU
		{04F614DD-9860-4CA0-9835-51FB9BD260FF}.Release|Windows-ARM.Build.0 = Release|Any CPU
		{04F614DD-9860-4CA0-9835-51FB9BD260FF}.Release|Windows-x64.ActiveCfg = Release|Any CPU
		{04F614DD-9860-4CA0-9835-51FB9BD260FF}.Release|Windows-x64.Build.0 = Release|Any CPU
		{04F614DD-9860-4CA0-9835-51FB9BD260FF}.Release|Windows-x86.ActiveCfg = Release|Any CPU
		{04F614DD-9860-4CA0-9835-51FB9BD260FF}.Release|Windows-x86.Build.0 = Release|Any CPU
		{04F614DD-9860-4CA0-9835-51FB9BD260FF}.Release|x64.ActiveCfg = Release|Any CPU
		{04F614DD-9860-4CA0-9835-51FB9BD260FF}.Release|x64.Build.0 = Release|Any CPU
		{04F614DD-9860-4CA0-9835-51FB9BD260FF}.Release|x86.ActiveCfg = Release|Any CPU
		{04F614DD-9860-4CA0-9835-51FB9BD260FF}.Release|x86.Build.0 = Release|Any CPU
		{67159288-BAE9-4882-84FB-AF6673387C14}.Debug|Android.ActiveCfg = Debug|Any CPU
		{67159288-BAE9-4882-84FB-AF6673387C14}.Debug|Android.Build.0 = Debug|Any CPU
		{67159288-BAE9-4882-84FB-AF6673387C14}.Debug|Any CPU.ActiveCfg = Debug|Any CPU
		{67159288-BAE9-4882-84FB-AF6673387C14}.Debug|Any CPU.Build.0 = Debug|Any CPU
		{67159288-BAE9-4882-84FB-AF6673387C14}.Debug|ARM.ActiveCfg = Debug|Any CPU
		{67159288-BAE9-4882-84FB-AF6673387C14}.Debug|ARM.Build.0 = Debug|Any CPU
		{67159288-BAE9-4882-84FB-AF6673387C14}.Debug|iOS.ActiveCfg = Debug|Any CPU
		{67159288-BAE9-4882-84FB-AF6673387C14}.Debug|iOS.Build.0 = Debug|Any CPU
		{67159288-BAE9-4882-84FB-AF6673387C14}.Debug|Windows-ARM.ActiveCfg = Debug|Any CPU
		{67159288-BAE9-4882-84FB-AF6673387C14}.Debug|Windows-ARM.Build.0 = Debug|Any CPU
		{67159288-BAE9-4882-84FB-AF6673387C14}.Debug|Windows-x64.ActiveCfg = Debug|Any CPU
		{67159288-BAE9-4882-84FB-AF6673387C14}.Debug|Windows-x64.Build.0 = Debug|Any CPU
		{67159288-BAE9-4882-84FB-AF6673387C14}.Debug|Windows-x86.ActiveCfg = Debug|Any CPU
		{67159288-BAE9-4882-84FB-AF6673387C14}.Debug|Windows-x86.Build.0 = Debug|Any CPU
		{67159288-BAE9-4882-84FB-AF6673387C14}.Debug|x64.ActiveCfg = Debug|Any CPU
		{67159288-BAE9-4882-84FB-AF6673387C14}.Debug|x64.Build.0 = Debug|Any CPU
		{67159288-BAE9-4882-84FB-AF6673387C14}.Debug|x86.ActiveCfg = Debug|Any CPU
		{67159288-BAE9-4882-84FB-AF6673387C14}.Debug|x86.Build.0 = Debug|Any CPU
		{67159288-BAE9-4882-84FB-AF6673387C14}.Release|Android.ActiveCfg = Release|Any CPU
		{67159288-BAE9-4882-84FB-AF6673387C14}.Release|Android.Build.0 = Release|Any CPU
		{67159288-BAE9-4882-84FB-AF6673387C14}.Release|Any CPU.ActiveCfg = Release|Any CPU
		{67159288-BAE9-4882-84FB-AF6673387C14}.Release|Any CPU.Build.0 = Release|Any CPU
		{67159288-BAE9-4882-84FB-AF6673387C14}.Release|ARM.ActiveCfg = Release|Any CPU
		{67159288-BAE9-4882-84FB-AF6673387C14}.Release|ARM.Build.0 = Release|Any CPU
		{67159288-BAE9-4882-84FB-AF6673387C14}.Release|iOS.ActiveCfg = Release|Any CPU
		{67159288-BAE9-4882-84FB-AF6673387C14}.Release|iOS.Build.0 = Release|Any CPU
		{67159288-BAE9-4882-84FB-AF6673387C14}.Release|Windows-ARM.ActiveCfg = Release|Any CPU
		{67159288-BAE9-4882-84FB-AF6673387C14}.Release|Windows-ARM.Build.0 = Release|Any CPU
		{67159288-BAE9-4882-84FB-AF6673387C14}.Release|Windows-x64.ActiveCfg = Release|Any CPU
		{67159288-BAE9-4882-84FB-AF6673387C14}.Release|Windows-x64.Build.0 = Release|Any CPU
		{67159288-BAE9-4882-84FB-AF6673387C14}.Release|Windows-x86.ActiveCfg = Release|Any CPU
		{67159288-BAE9-4882-84FB-AF6673387C14}.Release|Windows-x86.Build.0 = Release|Any CPU
		{67159288-BAE9-4882-84FB-AF6673387C14}.Release|x64.ActiveCfg = Release|Any CPU
		{67159288-BAE9-4882-84FB-AF6673387C14}.Release|x64.Build.0 = Release|Any CPU
		{67159288-BAE9-4882-84FB-AF6673387C14}.Release|x86.ActiveCfg = Release|Any CPU
		{67159288-BAE9-4882-84FB-AF6673387C14}.Release|x86.Build.0 = Release|Any CPU
	EndGlobalSection
	GlobalSection(SolutionProperties) = preSolution
		HideSolutionNode = FALSE
	EndGlobalSection
EndGlobal
